Microsoft Visual Studio Solution File, Format Version 12.00
# Visual Studio 15
VisualStudioVersion = 15.0.27130.2010
MinimumVisualStudioVersion = 15.0.26124.0
Project("{2150E333-8FDC-42A3-9474-1A3956D46DE8}") = "src", "src", "{B8F7B6FC-1711-4FBE-A718-BB9537F97DE7}"
EndProject
Project("{9A19103F-16F7-4668-BE54-9A1E7A4F7556}") = "PasswordGenerator", "src\PasswordGenerator\PasswordGenerator.csproj", "{58D5E9FB-98DA-4C58-BDAA-C7EDA7E0C841}"
EndProject
Global
	GlobalSection(SolutionConfigurationPlatforms) = preSolution
		Debug|Any CPU = Debug|Any CPU
		Debug|x64 = Debug|x64
		Debug|x86 = Debug|x86
		Release|Any CPU = Release|Any CPU
		Release|x64 = Release|x64
		Release|x86 = Release|x86
	EndGlobalSection
	GlobalSection(ProjectConfigurationPlatforms) = postSolution
		{58D5E9FB-98DA-4C58-BDAA-C7EDA7E0C841}.Debug|Any CPU.ActiveCfg = Debug|Any CPU
		{58D5E9FB-98DA-4C58-BDAA-C7EDA7E0C841}.Debug|Any CPU.Build.0 = Debug|Any CPU
		{58D5E9FB-98DA-4C58-BDAA-C7EDA7E0C841}.Debug|x64.ActiveCfg = Debug|Any CPU
		{58D5E9FB-98DA-4C58-BDAA-C7EDA7E0C841}.Debug|x64.Build.0 = Debug|Any CPU
		{58D5E9FB-98DA-4C58-BDAA-C7EDA7E0C841}.Debug|x86.ActiveCfg = Debug|Any CPU
		{58D5E9FB-98DA-4C58-BDAA-C7EDA7E0C841}.Debug|x86.Build.0 = Debug|Any CPU
		{58D5E9FB-98DA-4C58-BDAA-C7EDA7E0C841}.Release|Any CPU.ActiveCfg = Release|Any CPU
		{58D5E9FB-98DA-4C58-BDAA-C7EDA7E0C841}.Release|Any CPU.Build.0 = Release|Any CPU
		{58D5E9FB-98DA-4C58-BDAA-C7EDA7E0C841}.Release|x64.ActiveCfg = Release|Any CPU
		{58D5E9FB-98DA-4C58-BDAA-C7EDA7E0C841}.Release|x64.Build.0 = Release|Any CPU
		{58D5E9FB-98DA-4C58-BDAA-C7EDA7E0C841}.Release|x86.ActiveCfg = Release|Any CPU
		{58D5E9FB-98DA-4C58-BDAA-C7EDA7E0C841}.Release|x86.Build.0 = Release|Any CPU
	EndGlobalSection
	GlobalSection(SolutionProperties) = preSolution
		HideSolutionNode = FALSE
	EndGlobalSection
	GlobalSection(NestedProjects) = preSolution
		{58D5E9FB-98DA-4C58-BDAA-C7EDA7E0C841} = {B8F7B6FC-1711-4FBE-A718-BB9537F97DE7}
	EndGlobalSection
	GlobalSection(ExtensibilityGlobals) = postSolution
		SolutionGuid = {00AB245C-3CF1-47EB-96EB-4D5E02FBE734}
	EndGlobalSection
EndGlobal
